
Microsoft Visual Studio Solution File, Format Version 12.00
# Visual Studio Version 17
VisualStudioVersion = 17.11.35312.102
MinimumVisualStudioVersion = 10.0.40219.1
Project("{FAE04EC0-301F-11D3-BF4B-00C04F79EFBC}") = "Program", "Program.csproj", "{77A683F6-953B-4326-A4F4-AA249F729233}"
EndProject
Project("{FAE04EC0-301F-11D3-BF4B-00C04F79EFBC}") = "EmlakciAppLib", "..\EmlakciAppLib\EmlakciAppLib.csproj", "{630B27E7-48E6-4556-8C6C-FBD2EBB8243C}"
EndProject
Global
	GlobalSection(SolutionConfigurationPlatforms) = preSolution
		Debug|Any CPU = Debug|Any CPU
		Release|Any CPU = Release|Any CPU
	EndGlobalSection
	GlobalSection(ProjectConfigurationPlatforms) = postSolution
		{77A683F6-953B-4326-A4F4-AA249F729233}.Debug|Any CPU.ActiveCfg = Debug|Any CPU
		{77A683F6-953B-4326-A4F4-AA249F729233}.Debug|Any CPU.Build.0 = Debug|Any CPU
		{77A683F6-953B-4326-A4F4-AA249F729233}.Release|Any CPU.ActiveCfg = Release|Any CPU
		{77A683F6-953B-4326-A4F4-AA249F729233}.Release|Any CPU.Build.0 = Release|Any CPU
		{630B27E7-48E6-4556-8C6C-FBD2EBB8243C}.Debug|Any CPU.ActiveCfg = Debug|Any CPU
		{630B27E7-48E6-4556-8C6C-FBD2EBB8243C}.Debug|Any CPU.Build.0 = Debug|Any CPU
		{630B27E7-48E6-4556-8C6C-FBD2EBB8243C}.Release|Any CPU.ActiveCfg = Release|Any CPU
		{630B27E7-48E6-4556-8C6C-FBD2EBB8243C}.Release|Any CPU.Build.0 = Release|Any CPU
	EndGlobalSection
	GlobalSection(SolutionProperties) = preSolution
		HideSolutionNode = FALSE
	EndGlobalSection
	GlobalSection(ExtensibilityGlobals) = postSolution
		SolutionGuid = {DF7DB602-9317-4904-82C2-D68FF4CD11BA}
	EndGlobalSection
EndGlobal
